
Microsoft Visual Studio Solution File, Format Version 12.00
# Visual Studio Version 17
VisualStudioVersion = 17.2.32516.85
MinimumVisualStudioVersion = 10.0.40219.1
Project("{FAE04EC0-301F-11D3-BF4B-00C04F79EFBC}") = "HelloWorldApplication", "HelloWorldApplication\HelloWorldApplication.csproj", "{9DD7596F-D5E7-4213-A4A1-72DD16F545E9}"
EndProject
Global
	GlobalSection(SolutionConfigurationPlatforms) = preSolution
		Debug|Any CPU = Debug|Any CPU
		Release|Any CPU = Release|Any CPU
	EndGlobalSection
	GlobalSection(ProjectConfigurationPlatforms) = postSolution
		{9DD7596F-D5E7-4213-A4A1-72DD16F545E9}.Debug|Any CPU.ActiveCfg = Debug|Any CPU
		{9DD7596F-D5E7-4213-A4A1-72DD16F545E9}.Debug|Any CPU.Build.0 = Debug|Any CPU
		{9DD7596F-D5E7-4213-A4A1-72DD16F545E9}.Release|Any CPU.ActiveCfg = Release|Any CPU
		{9DD7596F-D5E7-4213-A4A1-72DD16F545E9}.Release|Any CPU.Build.0 = Release|Any CPU
	EndGlobalSection
	GlobalSection(SolutionProperties) = preSolution
		HideSolutionNode = FALSE
	EndGlobalSection
	GlobalSection(ExtensibilityGlobals) = postSolution
		SolutionGuid = {D940126A-B9CA-4FD6-BAB0-2CFC93AA6258}
	EndGlobalSection
EndGlobal
